github.com/anaminus/snek v0.3.0 h1:e4BkEI7C/Mv4a1679RpK8hlZ90knsVeL7+FkdNDWLjo=
github.com/anaminus/snek v0.3.0/go.mod h1:/rvdBX4VaAF7JsuMyf29H8YaEY27Qga4WkIsItksWUg=
github.com/publysher/httpfs v1.0.0 h1:O6uKQsUcgQxzZfhlCdU9AsYgoFzUOGAQKEZV8cDbilY=
github.com/publysher/httpfs v1.0.0/go.mod h1:z1hdC6HdOx3uodhIPiJB/5s5O0Fvbo/wADV5S8f97rs=
github.com/robloxapi/rbxdump v0.10.3 h1:yVXXYYUmFo/ByxDWqBpRdAUevzLiAnFHiIp0/C7daCc=
github.com/robloxapi/rbxdump v0.10.3/go.mod h1:YcG3xKCS8GF9x6+AX8qjtokshMaiGFS6lntn81GcJjs=
github.com/robloxapi/rbxfile v0.6.5 h1:rhj1duuFOnf2X0XVt6hrvOm10oZELfga7q3IksS8CE8=
github.com/robloxapi/rbxfile v0.6.5/go.mod h1:6JmvvzkWbpQq5uBsj66DUx8SxNANkCW0crZRciYpadw=
github.com/robloxapi/rbxver v0.3.0 h1:ax3ndKtLiXNeYbGc56UEcPQYYMEr6heOfyRDfn+68lg=
github.com/robloxapi/rbxver v0.3.0/go.mod h1:mpM7UdZ2YyLq4gSVtWToeRQLUHNBcOfRGRjINbOi5vM=
github.com/yuin/goldmark v1.7.4 h1:BDXOHExt+A7gwPCJgPIIq7ENvceR7we7rOS9TNoLZeg=
github.com/yuin/goldmark v1.7.4/go.mod h1:uzxRWxtg69N339t3louHJ7+O03ezfj6PlliRlaOzY1E=
golang.org/x/crypto v0.21.0 h1:X31++rzVUdKhX5sWmSOFZxx8UW/ldWx55cbf08iNAMA=
golang.org/x/crypto v0.21.0/go.mod h1:0BP7YvVV9gBbVKyeTG0Gyn+gZm94bibOW5BjDEYAOMs=
golang.org/x/sys v0.18.0 h1:DBdB3niSjOA/O0blCZBqDefyWNYveAYMNF1Wum0DYQ4=
golang.org/x/sys v0.18.0/go.mod h1:/VUhepiaJMQUp4+oa/7Zr1D23ma6VTLIYjOOTFZPUcA=
gopkg.in/check.v1 v0.0.0-20161208181325-20d25e280405 h1:yhCVgyC4o1eVCa2tZl7eS0r+SDo693bJlVdllGtEeKM=
gopkg.in/check.v1 v0.0.0-20161208181325-20d25e280405/go.mod h1:Co6ibVJAznAaIkqp8huTwlJQCZ016jof/cbN4VW5Yz0=
gopkg.in/yaml.v3 v3.0.1 h1:fxVm/GzAzEWqLHuvctI91KS9hhNmmWOoWu0XTYJS7CA=
gopkg.in/yaml.v3 v3.0.1/go.mod h1:K4uyk7z7BCEPqu6E+C64Yfv1cQ7kz7rIZviUmN+EgEM=
