github.com/robloxapi/rbxdump v0.5.0 h1:UX/KZ88yjYLdNUKXVB5wavuFdm4J3Z4WN7cGGwoViD8=
github.com/robloxapi/rbxdump v0.5.0/go.mod h1:1tP6iUgzexj8MD2aZf9UkMsf9IUQHEtkgQPT18YpQGo=
github.com/robloxapi/rbxfile v0.6.5 h1:rhj1duuFOnf2X0XVt6hrvOm10oZELfga7q3IksS8CE8=
github.com/robloxapi/rbxfile v0.6.5/go.mod h1:6JmvvzkWbpQq5uBsj66DUx8SxNANkCW0crZRciYpadw=
github.com/robloxapi/rbxver v0.1.0 h1:cYB5QIqjpR1DiRv1cnxHd5DcQk3q1dygSCYuoWJqZ3E=
github.com/robloxapi/rbxver v0.1.0/go.mod h1:mpM7UdZ2YyLq4gSVtWToeRQLUHNBcOfRGRjINbOi5vM=
golang.org/x/crypto v0.0.0-20210513164829-c07d793c2f9a h1:kr2P4QFmQr29mSLA43kwrOcgcReGTfbE9N577tCTuBc=
golang.org/x/crypto v0.0.0-20210513164829-c07d793c2f9a/go.mod h1:P+XmwS30IXTQdn5tA2iutPOUgjI07+tq3H3K9MVA1s8=
golang.org/x/sys v0.0.0-20201119102817-f84b799fce68 h1:nxC68pudNYkKU6jWhgrqdreuFiOQWj1Fs7T3VrH4Pjw=
golang.org/x/sys v0.0.0-20201119102817-f84b799fce68/go.mod h1:h1NjWce9XRLGQEsW7wpKNCjG9DtNlClVuFLEZdDNbEs=
