github.com/publysher/httpfs v1.0.0 h1:O6uKQsUcgQxzZfhlCdU9AsYgoFzUOGAQKEZV8cDbilY=
github.com/publysher/httpfs v1.0.0/go.mod h1:z1hdC6HdOx3uodhIPiJB/5s5O0Fvbo/wADV5S8f97rs=
github.com/robloxapi/rbxdump v0.5.0 h1:UX/KZ88yjYLdNUKXVB5wavuFdm4J3Z4WN7cGGwoViD8=
github.com/robloxapi/rbxdump v0.5.0/go.mod h1:1tP6iUgzexj8MD2aZf9UkMsf9IUQHEtkgQPT18YpQGo=
github.com/robloxapi/rbxfile v0.6.5 h1:rhj1duuFOnf2X0XVt6hrvOm10oZELfga7q3IksS8CE8=
github.com/robloxapi/rbxfile v0.6.5/go.mod h1:6JmvvzkWbpQq5uBsj66DUx8SxNANkCW0crZRciYpadw=
github.com/robloxapi/rbxver v0.1.0 h1:cYB5QIqjpR1DiRv1cnxHd5DcQk3q1dygSCYuoWJqZ3E=
github.com/robloxapi/rbxver v0.1.0/go.mod h1:mpM7UdZ2YyLq4gSVtWToeRQLUHNBcOfRGRjINbOi5vM=
golang.org/x/crypto v0.16.0 h1:mMMrFzRSCF0GvB7Ne27XVtVAaXLrPmgPC7/v0tkwHaY=
golang.org/x/crypto v0.16.0/go.mod h1:gCAAfMLgwOJRpTjQ2zCCt2OcSfYMTeZVSRtQlPC7Nq4=
golang.org/x/sys v0.15.0 h1:h48lPFYpsTvQJZF4EKyI4aLHaev3CxivZmv7yZig9pc=
golang.org/x/sys v0.15.0/go.mod h1:/VUhepiaJMQUp4+oa/7Zr1D23ma6VTLIYjOOTFZPUcA=
